{
  "name": "pretty.errors",
  "version": "0.0.1",
  "lockfileVersion": 1,
  "requires": true,
  "dependencies": {
    "console.echo": {
      "version": "0.0.3",
      "resolved": "https://registry.npmjs.org/console.echo/-/console.echo-0.0.3.tgz",
      "integrity": "sha512-d7YmR3qRGQmJwmMQ5HWCYeLnW1G7eKc8VTimDVn/6avl2Eio44Ben64/2Ro9AnFEJ8Z4mgCBuWD7ETfCxS85mg=="
    }
  }
}
